
Microsoft Visual Studio Solution File, Format Version 12.00
# Visual Studio 15
VisualStudioVersion = 15.0.26124.0
MinimumVisualStudioVersion = 15.0.26124.0
Project("{FAE04EC0-301F-11D3-BF4B-00C04F79EFBC}") = "LogProxyApi", "LogProxyApi\LogProxyApi.csproj", "{5F5EBF48-377B-4408-A29D-F5AE88F9AE79}"
EndProject
Project("{FAE04EC0-301F-11D3-BF4B-00C04F79EFBC}") = "LogProxyApi.Tests", "LogProxyApi.Tests\LogProxyApi.Tests.csproj", "{EB42E478-DA1C-4101-8181-6C5CD1E6D1C5}"
EndProject
Global
	GlobalSection(SolutionConfigurationPlatforms) = preSolution
		Debug|Any CPU = Debug|Any CPU
		Debug|x64 = Debug|x64
		Debug|x86 = Debug|x86
		Release|Any CPU = Release|Any CPU
		Release|x64 = Release|x64
		Release|x86 = Release|x86
	EndGlobalSection
	GlobalSection(SolutionProperties) = preSolution
		HideSolutionNode = FALSE
	EndGlobalSection
	GlobalSection(ProjectConfigurationPlatforms) = postSolution
		{5F5EBF48-377B-4408-A29D-F5AE88F9AE79}.Debug|Any CPU.ActiveCfg = Debug|Any CPU
		{5F5EBF48-377B-4408-A29D-F5AE88F9AE79}.Debug|Any CPU.Build.0 = Debug|Any CPU
		{5F5EBF48-377B-4408-A29D-F5AE88F9AE79}.Debug|x64.ActiveCfg = Debug|Any CPU
		{5F5EBF48-377B-4408-A29D-F5AE88F9AE79}.Debug|x64.Build.0 = Debug|Any CPU
		{5F5EBF48-377B-4408-A29D-F5AE88F9AE79}.Debug|x86.ActiveCfg = Debug|Any CPU
		{5F5EBF48-377B-4408-A29D-F5AE88F9AE79}.Debug|x86.Build.0 = Debug|Any CPU
		{5F5EBF48-377B-4408-A29D-F5AE88F9AE79}.Release|Any CPU.ActiveCfg = Release|Any CPU
		{5F5EBF48-377B-4408-A29D-F5AE88F9AE79}.Release|Any CPU.Build.0 = Release|Any CPU
		{5F5EBF48-377B-4408-A29D-F5AE88F9AE79}.Release|x64.ActiveCfg = Release|Any CPU
		{5F5EBF48-377B-4408-A29D-F5AE88F9AE79}.Release|x64.Build.0 = Release|Any CPU
		{5F5EBF48-377B-4408-A29D-F5AE88F9AE79}.Release|x86.ActiveCfg = Release|Any CPU
		{5F5EBF48-377B-4408-A29D-F5AE88F9AE79}.Release|x86.Build.0 = Release|Any CPU
		{EB42E478-DA1C-4101-8181-6C5CD1E6D1C5}.Debug|Any CPU.ActiveCfg = Debug|Any CPU
		{EB42E478-DA1C-4101-8181-6C5CD1E6D1C5}.Debug|Any CPU.Build.0 = Debug|Any CPU
		{EB42E478-DA1C-4101-8181-6C5CD1E6D1C5}.Debug|x64.ActiveCfg = Debug|Any CPU
		{EB42E478-DA1C-4101-8181-6C5CD1E6D1C5}.Debug|x64.Build.0 = Debug|Any CPU
		{EB42E478-DA1C-4101-8181-6C5CD1E6D1C5}.Debug|x86.ActiveCfg = Debug|Any CPU
		{EB42E478-DA1C-4101-8181-6C5CD1E6D1C5}.Debug|x86.Build.0 = Debug|Any CPU
		{EB42E478-DA1C-4101-8181-6C5CD1E6D1C5}.Release|Any CPU.ActiveCfg = Release|Any CPU
		{EB42E478-DA1C-4101-8181-6C5CD1E6D1C5}.Release|Any CPU.Build.0 = Release|Any CPU
		{EB42E478-DA1C-4101-8181-6C5CD1E6D1C5}.Release|x64.ActiveCfg = Release|Any CPU
		{EB42E478-DA1C-4101-8181-6C5CD1E6D1C5}.Release|x64.Build.0 = Release|Any CPU
		{EB42E478-DA1C-4101-8181-6C5CD1E6D1C5}.Release|x86.ActiveCfg = Release|Any CPU
		{EB42E478-DA1C-4101-8181-6C5CD1E6D1C5}.Release|x86.Build.0 = Release|Any CPU
	EndGlobalSection
EndGlobal
